
Microsoft Visual Studio Solution File, Format Version 12.00
# Visual Studio Version 17
VisualStudioVersion = 17.9.34728.123
MinimumVisualStudioVersion = 10.0.40219.1
Project("{8BC9CEB8-8B4A-11D0-8D11-00A0C91BC942}") = "Pract01.01", "Pract01.01\Pract01.01.vcxproj", "{2A1531F2-4490-4CD5-8032-23D1A0283BF5}"
EndProject
Project("{2150E333-8FDC-42A3-9474-1A3956D46DE8}") = "Pract01", "Pract01", "{445026C1-2204-4AF7-935E-ED7321E80840}"
EndProject
Project("{8BC9CEB8-8B4A-11D0-8D11-00A0C91BC942}") = "Pract01.02", "Pract01.02\Pract01.02.vcxproj", "{8C95EA85-C4AA-4BBE-BB03-A505D1DAA6D2}"
EndProject
Project("{8BC9CEB8-8B4A-11D0-8D11-00A0C91BC942}") = "Pract01.03", "Pract01.03\Pract01.03.vcxproj", "{4130D328-69AA-4F5C-A1D8-4B805628135C}"
EndProject
Global
	GlobalSection(SolutionConfigurationPlatforms) = preSolution
		Debug|x64 = Debug|x64
		Debug|x86 = Debug|x86
		Release|x64 = Release|x64
		Release|x86 = Release|x86
	EndGlobalSection
	GlobalSection(ProjectConfigurationPlatforms) = postSolution
		{2A1531F2-4490-4CD5-8032-23D1A0283BF5}.Debug|x64.ActiveCfg = Debug|x64
		{2A1531F2-4490-4CD5-8032-23D1A0283BF5}.Debug|x64.Build.0 = Debug|x64
		{2A1531F2-4490-4CD5-8032-23D1A0283BF5}.Debug|x86.ActiveCfg = Debug|Win32
		{2A1531F2-4490-4CD5-8032-23D1A0283BF5}.Debug|x86.Build.0 = Debug|Win32
		{2A1531F2-4490-4CD5-8032-23D1A0283BF5}.Release|x64.ActiveCfg = Release|x64
		{2A1531F2-4490-4CD5-8032-23D1A0283BF5}.Release|x64.Build.0 = Release|x64
		{2A1531F2-4490-4CD5-8032-23D1A0283BF5}.Release|x86.ActiveCfg = Release|Win32
		{2A1531F2-4490-4CD5-8032-23D1A0283BF5}.Release|x86.Build.0 = Release|Win32
		{8C95EA85-C4AA-4BBE-BB03-A505D1DAA6D2}.Debug|x64.ActiveCfg = Debug|x64
		{8C95EA85-C4AA-4BBE-BB03-A505D1DAA6D2}.Debug|x64.Build.0 = Debug|x64
		{8C95EA85-C4AA-4BBE-BB03-A505D1DAA6D2}.Debug|x86.ActiveCfg = Debug|Win32
		{8C95EA85-C4AA-4BBE-BB03-A505D1DAA6D2}.Debug|x86.Build.0 = Debug|Win32
		{8C95EA85-C4AA-4BBE-BB03-A505D1DAA6D2}.Release|x64.ActiveCfg = Release|x64
		{8C95EA85-C4AA-4BBE-BB03-A505D1DAA6D2}.Release|x64.Build.0 = Release|x64
		{8C95EA85-C4AA-4BBE-BB03-A505D1DAA6D2}.Release|x86.ActiveCfg = Release|Win32
		{8C95EA85-C4AA-4BBE-BB03-A505D1DAA6D2}.Release|x86.Build.0 = Release|Win32
		{4130D328-69AA-4F5C-A1D8-4B805628135C}.Debug|x64.ActiveCfg = Debug|x64
		{4130D328-69AA-4F5C-A1D8-4B805628135C}.Debug|x64.Build.0 = Debug|x64
		{4130D328-69AA-4F5C-A1D8-4B805628135C}.Debug|x86.ActiveCfg = Debug|Win32
		{4130D328-69AA-4F5C-A1D8-4B805628135C}.Debug|x86.Build.0 = Debug|Win32
		{4130D328-69AA-4F5C-A1D8-4B805628135C}.Release|x64.ActiveCfg = Release|x64
		{4130D328-69AA-4F5C-A1D8-4B805628135C}.Release|x64.Build.0 = Release|x64
		{4130D328-69AA-4F5C-A1D8-4B805628135C}.Release|x86.ActiveCfg = Release|Win32
		{4130D328-69AA-4F5C-A1D8-4B805628135C}.Release|x86.Build.0 = Release|Win32
	EndGlobalSection
	GlobalSection(SolutionProperties) = preSolution
		HideSolutionNode = FALSE
	EndGlobalSection
	GlobalSection(NestedProjects) = preSolution
		{2A1531F2-4490-4CD5-8032-23D1A0283BF5} = {445026C1-2204-4AF7-935E-ED7321E80840}
		{8C95EA85-C4AA-4BBE-BB03-A505D1DAA6D2} = {445026C1-2204-4AF7-935E-ED7321E80840}
		{4130D328-69AA-4F5C-A1D8-4B805628135C} = {445026C1-2204-4AF7-935E-ED7321E80840}
	EndGlobalSection
	GlobalSection(ExtensibilityGlobals) = postSolution
		SolutionGuid = {CF2C3F13-1F47-46CB-A6D0-07B6A64D92AB}
	EndGlobalSection
EndGlobal
